// !$*UTF8*$!
{
	archiveVersion = 1;
	classes = {
	};
	objectVersion = 60;
	objects = {

/* Begin PBXBuildFile section */
		302044FF2FAB1B7800A1DCA4 /* AppRouter.swift in Sources */ = {isa = PBXBuildFile; fileRef = 302044F92FAB1B7800A1DCA4 /* AppRouter.swift */; };
		302045002FAB1B7800A1DCA4 /* PersistenceManager.swift in Sources */ = {isa = PBXBuildFile; fileRef = 302044FA2FAB1B7800A1DCA4 /* PersistenceManager.swift */; };
		302045012FAB1B7800A1DCA4 /* PrivacyWebView.swift in Sources */ = {isa = PBXBuildFile; fileRef = 302044FB2FAB1B7800A1DCA4 /* PrivacyWebView.swift */; };
		302045022FAB1B7800A1DCA4 /* SaveService.swift in Sources */ = {isa = PBXBuildFile; fileRef = 302044FC2FAB1B7800A1DCA4 /* SaveService.swift */; };
		302045032FAB1B7800A1DCA4 /* StartMainView.swift in Sources */ = {isa = PBXBuildFile; fileRef = 302044FD2FAB1B7800A1DCA4 /* StartMainView.swift */; };
		30D2865E2FA0F320008D5BDC /* AppExternalURL.swift in Sources */ = {isa = PBXBuildFile; fileRef = 30D2861B2FA0F320008D5BDC /* AppExternalURL.swift */; };
		30D2865F2FA0F320008D5BDC /* CompletedEvent.swift in Sources */ = {isa = PBXBuildFile; fileRef = 30D2861D2FA0F320008D5BDC /* CompletedEvent.swift */; };
		30D286602FA0F320008D5BDC /* Event.swift in Sources */ = {isa = PBXBuildFile; fileRef = 30D2861E2FA0F320008D5BDC /* Event.swift */; };
		30D286612FA0F320008D5BDC /* EventCategory.swift in Sources */ = {isa = PBXBuildFile; fileRef = 30D2861F2FA0F320008D5BDC /* EventCategory.swift */; };
		30D286622FA0F320008D5BDC /* EventExperience.swift in Sources */ = {isa = PBXBuildFile; fileRef = 30D286202FA0F320008D5BDC /* EventExperience.swift */; };
		30D286632FA0F320008D5BDC /* EventTemplate.swift in Sources */ = {isa = PBXBuildFile; fileRef = 30D286212FA0F320008D5BDC /* EventTemplate.swift */; };
		30D286642FA0F320008D5BDC /* Quote.swift in Sources */ = {isa = PBXBuildFile; fileRef = 30D286222FA0F320008D5BDC /* Quote.swift */; };
		30D286652FA0F320008D5BDC /* RecurrenceRule.swift in Sources */ = {isa = PBXBuildFile; fileRef = 30D286232FA0F320008D5BDC /* RecurrenceRule.swift */; };
		30D286662FA0F320008D5BDC /* ReminderType.swift in Sources */ = {isa = PBXBuildFile; fileRef = 30D286242FA0F320008D5BDC /* ReminderType.swift */; };
		30D286672FA0F320008D5BDC /* CountdownColors.swift in Sources */ = {isa = PBXBuildFile; fileRef = 30D286262FA0F320008D5BDC /* CountdownColors.swift */; };
		30D286682FA0F320008D5BDC /* CountdownVisualStyle.swift in Sources */ = {isa = PBXBuildFile; fileRef = 30D286272FA0F320008D5BDC /* CountdownVisualStyle.swift */; };
		30D286692FA0F320008D5BDC /* EventColorTag.swift in Sources */ = {isa = PBXBuildFile; fileRef = 30D286282FA0F320008D5BDC /* EventColorTag.swift */; };
		30D2866A2FA0F320008D5BDC /* ActivityShareSheet.swift in Sources */ = {isa = PBXBuildFile; fileRef = 30D2862A2FA0F320008D5BDC /* ActivityShareSheet.swift */; };
		30D2866B2FA0F320008D5BDC /* DateFormatting.swift in Sources */ = {isa = PBXBuildFile; fileRef = 30D2862B2FA0F320008D5BDC /* DateFormatting.swift */; };
		30D2866C2FA0F320008D5BDC /* EventCalendarExport.swift in Sources */ = {isa = PBXBuildFile; fileRef = 30D2862C2FA0F320008D5BDC /* EventCalendarExport.swift */; };
		30D2866D2FA0F320008D5BDC /* EventListQuery.swift in Sources */ = {isa = PBXBuildFile; fileRef = 30D2862D2FA0F320008D5BDC /* EventListQuery.swift */; };
		30D2866E2FA0F320008D5BDC /* EventOccurrence.swift in Sources */ = {isa = PBXBuildFile; fileRef = 30D2862E2FA0F320008D5BDC /* EventOccurrence.swift */; };
		30D2866F2FA0F320008D5BDC /* EventTagsParser.swift in Sources */ = {isa = PBXBuildFile; fileRef = 30D2862F2FA0F320008D5BDC /* EventTagsParser.swift */; };
		30D286702FA0F320008D5BDC /* CountdownViewModel.swift in Sources */ = {isa = PBXBuildFile; fileRef = 30D286312FA0F320008D5BDC /* CountdownViewModel.swift */; };
		30D286712FA0F320008D5BDC /* CalendarView.swift in Sources */ = {isa = PBXBuildFile; fileRef = 30D286332FA0F320008D5BDC /* CalendarView.swift */; };
		30D286722FA0F320008D5BDC /* CompletedView.swift in Sources */ = {isa = PBXBuildFile; fileRef = 30D286352FA0F320008D5BDC /* CompletedView.swift */; };
		30D286732FA0F320008D5BDC /* CalendarDayCell.swift in Sources */ = {isa = PBXBuildFile; fileRef = 30D286372FA0F320008D5BDC /* CalendarDayCell.swift */; };
		30D286742FA0F320008D5BDC /* CompletedEventCard.swift in Sources */ = {isa = PBXBuildFile; fileRef = 30D286382FA0F320008D5BDC /* CompletedEventCard.swift */; };
		30D286752FA0F320008D5BDC /* EventCard.swift in Sources */ = {isa = PBXBuildFile; fileRef = 30D286392FA0F320008D5BDC /* EventCard.swift */; };
		30D286762FA0F320008D5BDC /* EventRow.swift in Sources */ = {isa = PBXBuildFile; fileRef = 30D2863A2FA0F320008D5BDC /* EventRow.swift */; };
		30D286772FA0F320008D5BDC /* EventShareCardView.swift in Sources */ = {isa = PBXBuildFile; fileRef = 30D2863B2FA0F320008D5BDC /* EventShareCardView.swift */; };
		30D286782FA0F320008D5BDC /* MiniEventCard.swift in Sources */ = {isa = PBXBuildFile; fileRef = 30D2863C2FA0F320008D5BDC /* MiniEventCard.swift */; };
		30D286792FA0F320008D5BDC /* QuoteCard.swift in Sources */ = {isa = PBXBuildFile; fileRef = 30D2863D2FA0F320008D5BDC /* QuoteCard.swift */; };
		30D2867A2FA0F320008D5BDC /* StatCard.swift in Sources */ = {isa = PBXBuildFile; fileRef = 30D2863E2FA0F320008D5BDC /* StatCard.swift */; };
		30D2867B2FA0F320008D5BDC /* AddEventView.swift in Sources */ = {isa = PBXBuildFile; fileRef = 30D286402FA0F320008D5BDC /* AddEventView.swift */; };
		30D2867C2FA0F320008D5BDC /* EditEventView.swift in Sources */ = {isa = PBXBuildFile; fileRef = 30D286412FA0F320008D5BDC /* EditEventView.swift */; };
		30D2867D2FA0F320008D5BDC /* EventDetailView.swift in Sources */ = {isa = PBXBuildFile; fileRef = 30D286422FA0F320008D5BDC /* EventDetailView.swift */; };
		30D2867E2FA0F320008D5BDC /* EventsListView.swift in Sources */ = {isa = PBXBuildFile; fileRef = 30D286432FA0F320008D5BDC /* EventsListView.swift */; };
		30D2867F2FA0F320008D5BDC /* EventsTimelineView.swift in Sources */ = {isa = PBXBuildFile; fileRef = 30D286442FA0F320008D5BDC /* EventsTimelineView.swift */; };
		30D286802FA0F320008D5BDC /* HomeView.swift in Sources */ = {isa = PBXBuildFile; fileRef = 30D286462FA0F320008D5BDC /* HomeView.swift */; };
		30D286812FA0F320008D5BDC /* InsightsView.swift in Sources */ = {isa = PBXBuildFile; fileRef = 30D286482FA0F320008D5BDC /* InsightsView.swift */; };
		30D286822FA0F320008D5BDC /* FirstRunExperienceView.swift in Sources */ = {isa = PBXBuildFile; fileRef = 30D2864A2FA0F320008D5BDC /* FirstRunExperienceView.swift */; };
		30D286832FA0F320008D5BDC /* OnboardingView.swift in Sources */ = {isa = PBXBuildFile; fileRef = 30D2864B2FA0F320008D5BDC /* OnboardingView.swift */; };
		30D286842FA0F320008D5BDC /* QuotesView.swift in Sources */ = {isa = PBXBuildFile; fileRef = 30D2864D2FA0F320008D5BDC /* QuotesView.swift */; };
		30D286852FA0F320008D5BDC /* SettingsView.swift in Sources */ = {isa = PBXBuildFile; fileRef = 30D2864F2FA0F320008D5BDC /* SettingsView.swift */; };
		30D286862FA0F320008D5BDC /* AppDelegate.swift in Sources */ = {isa = PBXBuildFile; fileRef = 30D286522FA0F320008D5BDC /* AppDelegate.swift */; };
		30D286872FA0F320008D5BDC /* ContentView.swift in Sources */ = {isa = PBXBuildFile; fileRef = 30D286542FA0F320008D5BDC /* ContentView.swift */; };
		30D286882FA0F320008D5BDC /* RootView.swift in Sources */ = {isa = PBXBuildFile; fileRef = 30D2865A2FA0F320008D5BDC /* RootView.swift */; };
		30D286892FA0F320008D5BDC /* SceneDelegate.swift in Sources */ = {isa = PBXBuildFile; fileRef = 30D2865B2FA0F320008D5BDC /* SceneDelegate.swift */; };
		30D2868A2FA0F320008D5BDC /* ViewController.swift in Sources */ = {isa = PBXBuildFile; fileRef = 30D2865C2FA0F320008D5BDC /* ViewController.swift */; };
		30D2868B2FA0F320008D5BDC /* Assets.xcassets in Resources */ = {isa = PBXBuildFile; fileRef = 30D286532FA0F320008D5BDC /* Assets.xcassets */; };
		30D2868D2FA0F320008D5BDC /* LaunchScreen.storyboard in Resources */ = {isa = PBXBuildFile; fileRef = 30D286572FA0F320008D5BDC /* LaunchScreen.storyboard */; };
		30D2868E2FA0F320008D5BDC /* Main.storyboard in Resources */ = {isa = PBXBuildFile; fileRef = 30D286592FA0F320008D5BDC /* Main.storyboard */; };
/* End PBXBuildFile section */

/* Begin PBXFileReference section */
		302044F92FAB1B7800A1DCA4 /* AppRouter.swift */ = {isa = PBXFileReference; lastKnownFileType = sourcecode.swift; path = AppRouter.swift; sourceTree = "<group>"; };
		302044FA2FAB1B7800A1DCA4 /* PersistenceManager.swift */ = {isa = PBXFileReference; lastKnownFileType = sourcecode.swift; path = PersistenceManager.swift; sourceTree = "<group>"; };
		302044FB2FAB1B7800A1DCA4 /* PrivacyWebView.swift */ = {isa = PBXFileReference; lastKnownFileType = sourcecode.swift; path = PrivacyWebView.swift; sourceTree = "<group>"; };
		302044FC2FAB1B7800A1DCA4 /* SaveService.swift */ = {isa = PBXFileReference; lastKnownFileType = sourcecode.swift; path = SaveService.swift; sourceTree = "<group>"; };
		302044FD2FAB1B7800A1DCA4 /* StartMainView.swift */ = {isa = PBXFileReference; lastKnownFileType = sourcecode.swift; path = StartMainView.swift; sourceTree = "<group>"; };
		30543C602F917C96000323B9 /* 137Countdown.app */ = {isa = PBXFileReference; explicitFileType = wrapper.application; includeInIndex = 0; path = 137Countdown.app; sourceTree = BUILT_PRODUCTS_DIR; };
		30D2861B2FA0F320008D5BDC /* AppExternalURL.swift */ = {isa = PBXFileReference; lastKnownFileType = sourcecode.swift; path = AppExternalURL.swift; sourceTree = "<group>"; };
		30D2861D2FA0F320008D5BDC /* CompletedEvent.swift */ = {isa = PBXFileReference; lastKnownFileType = sourcecode.swift; path = CompletedEvent.swift; sourceTree = "<group>"; };
		30D2861E2FA0F320008D5BDC /* Event.swift */ = {isa = PBXFileReference; lastKnownFileType = sourcecode.swift; path = Event.swift; sourceTree = "<group>"; };
		30D2861F2FA0F320008D5BDC /* EventCategory.swift */ = {isa = PBXFileReference; lastKnownFileType = sourcecode.swift; path = EventCategory.swift; sourceTree = "<group>"; };
		30D286202FA0F320008D5BDC /* EventExperience.swift */ = {isa = PBXFileReference; lastKnownFileType = sourcecode.swift; path = EventExperience.swift; sourceTree = "<group>"; };
		30D286212FA0F320008D5BDC /* EventTemplate.swift */ = {isa = PBXFileReference; lastKnownFileType = sourcecode.swift; path = EventTemplate.swift; sourceTree = "<group>"; };
		30D286222FA0F320008D5BDC /* Quote.swift */ = {isa = PBXFileReference; lastKnownFileType = sourcecode.swift; path = Quote.swift; sourceTree = "<group>"; };
		30D286232FA0F320008D5BDC /* RecurrenceRule.swift */ = {isa = PBXFileReference; lastKnownFileType = sourcecode.swift; path = RecurrenceRule.swift; sourceTree = "<group>"; };
		30D286242FA0F320008D5BDC /* ReminderType.swift */ = {isa = PBXFileReference; lastKnownFileType = sourcecode.swift; path = ReminderType.swift; sourceTree = "<group>"; };
		30D286262FA0F320008D5BDC /* CountdownColors.swift */ = {isa = PBXFileReference; lastKnownFileType = sourcecode.swift; path = CountdownColors.swift; sourceTree = "<group>"; };
		30D286272FA0F320008D5BDC /* CountdownVisualStyle.swift */ = {isa = PBXFileReference; lastKnownFileType = sourcecode.swift; path = CountdownVisualStyle.swift; sourceTree = "<group>"; };
		30D286282FA0F320008D5BDC /* EventColorTag.swift */ = {isa = PBXFileReference; lastKnownFileType = sourcecode.swift; path = EventColorTag.swift; sourceTree = "<group>"; };
		30D2862A2FA0F320008D5BDC /* ActivityShareSheet.swift */ = {isa = PBXFileReference; lastKnownFileType = sourcecode.swift; path = ActivityShareSheet.swift; sourceTree = "<group>"; };
		30D2862B2FA0F320008D5BDC /* DateFormatting.swift */ = {isa = PBXFileReference; lastKnownFileType = sourcecode.swift; path = DateFormatting.swift; sourceTree = "<group>"; };
		30D2862C2FA0F320008D5BDC /* EventCalendarExport.swift */ = {isa = PBXFileReference; lastKnownFileType = sourcecode.swift; path = EventCalendarExport.swift; sourceTree = "<group>"; };
		30D2862D2FA0F320008D5BDC /* EventListQuery.swift */ = {isa = PBXFileReference; lastKnownFileType = sourcecode.swift; path = EventListQuery.swift; sourceTree = "<group>"; };
		30D2862E2FA0F320008D5BDC /* EventOccurrence.swift */ = {isa = PBXFileReference; lastKnownFileType = sourcecode.swift; path = EventOccurrence.swift; sourceTree = "<group>"; };
		30D2862F2FA0F320008D5BDC /* EventTagsParser.swift */ = {isa = PBXFileReference; lastKnownFileType = sourcecode.swift; path = EventTagsParser.swift; sourceTree = "<group>"; };
		30D286312FA0F320008D5BDC /* CountdownViewModel.swift */ = {isa = PBXFileReference; lastKnownFileType = sourcecode.swift; path = CountdownViewModel.swift; sourceTree = "<group>"; };
		30D286332FA0F320008D5BDC /* CalendarView.swift */ = {isa = PBXFileReference; lastKnownFileType = sourcecode.swift; path = CalendarView.swift; sourceTree = "<group>"; };
		30D286352FA0F320008D5BDC /* CompletedView.swift */ = {isa = PBXFileReference; lastKnownFileType = sourcecode.swift; path = CompletedView.swift; sourceTree = "<group>"; };
		30D286372FA0F320008D5BDC /* CalendarDayCell.swift */ = {isa = PBXFileReference; lastKnownFileType = sourcecode.swift; path = CalendarDayCell.swift; sourceTree = "<group>"; };
		30D286382FA0F320008D5BDC /* CompletedEventCard.swift */ = {isa = PBXFileReference; lastKnownFileType = sourcecode.swift; path = CompletedEventCard.swift; sourceTree = "<group>"; };
		30D286392FA0F320008D5BDC /* EventCard.swift */ = {isa = PBXFileReference; lastKnownFileType = sourcecode.swift; path = EventCard.swift; sourceTree = "<group>"; };
		30D2863A2FA0F320008D5BDC /* EventRow.swift */ = {isa = PBXFileReference; lastKnownFileType = sourcecode.swift; path = EventRow.swift; sourceTree = "<group>"; };
		30D2863B2FA0F320008D5BDC /* EventShareCardView.swift */ = {isa = PBXFileReference; lastKnownFileType = sourcecode.swift; path = EventShareCardView.swift; sourceTree = "<group>"; };
		30D2863C2FA0F320008D5BDC /* MiniEventCard.swift */ = {isa = PBXFileReference; lastKnownFileType = sourcecode.swift; path = MiniEventCard.swift; sourceTree = "<group>"; };
		30D2863D2FA0F320008D5BDC /* QuoteCard.swift */ = {isa = PBXFileReference; lastKnownFileType = sourcecode.swift; path = QuoteCard.swift; sourceTree = "<group>"; };
		30D2863E2FA0F320008D5BDC /* StatCard.swift */ = {isa = PBXFileReference; lastKnownFileType = sourcecode.swift; path = StatCard.swift; sourceTree = "<group>"; };
		30D286402FA0F320008D5BDC /* AddEventView.swift */ = {isa = PBXFileReference; lastKnownFileType = sourcecode.swift; path = AddEventView.swift; sourceTree = "<group>"; };
		30D286412FA0F320008D5BDC /* EditEventView.swift */ = {isa = PBXFileReference; lastKnownFileType = sourcecode.swift; path = EditEventView.swift; sourceTree = "<group>"; };
		30D286422FA0F320008D5BDC /* EventDetailView.swift */ = {isa = PBXFileReference; lastKnownFileType = sourcecode.swift; path = EventDetailView.swift; sourceTree = "<group>"; };
		30D286432FA0F320008D5BDC /* EventsListView.swift */ = {isa = PBXFileReference; lastKnownFileType = sourcecode.swift; path = EventsListView.swift; sourceTree = "<group>"; };
		30D286442FA0F320008D5BDC /* EventsTimelineView.swift */ = {isa = PBXFileReference; lastKnownFileType = sourcecode.swift; path = EventsTimelineView.swift; sourceTree = "<group>"; };
		30D286462FA0F320008D5BDC /* HomeView.swift */ = {isa = PBXFileReference; lastKnownFileType = sourcecode.swift; path = HomeView.swift; sourceTree = "<group>"; };
		30D286482FA0F320008D5BDC /* InsightsView.swift */ = {isa = PBXFileReference; lastKnownFileType = sourcecode.swift; path = InsightsView.swift; sourceTree = "<group>"; };
		30D2864A2FA0F320008D5BDC /* FirstRunExperienceView.swift */ = {isa = PBXFileReference; lastKnownFileType = sourcecode.swift; path = FirstRunExperienceView.swift; sourceTree = "<group>"; };
		30D2864B2FA0F320008D5BDC /* OnboardingView.swift */ = {isa = PBXFileReference; lastKnownFileType = sourcecode.swift; path = OnboardingView.swift; sourceTree = "<group>"; };
		30D2864D2FA0F320008D5BDC /* QuotesView.swift */ = {isa = PBXFileReference; lastKnownFileType = sourcecode.swift; path = QuotesView.swift; sourceTree = "<group>"; };
		30D2864F2FA0F320008D5BDC /* SettingsView.swift */ = {isa = PBXFileReference; lastKnownFileType = sourcecode.swift; path = SettingsView.swift; sourceTree = "<group>"; };
		30D286522FA0F320008D5BDC /* AppDelegate.swift */ = {isa = PBXFileReference; lastKnownFileType = sourcecode.swift; path = AppDelegate.swift; sourceTree = "<group>"; };
		30D286532FA0F320008D5BDC /* Assets.xcassets */ = {isa = PBXFileReference; lastKnownFileType = folder.assetcatalog; path = Assets.xcassets; sourceTree = "<group>"; };
		30D286542FA0F320008D5BDC /* ContentView.swift */ = {isa = PBXFileReference; lastKnownFileType = sourcecode.swift; path = ContentView.swift; sourceTree = "<group>"; };
		30D286552FA0F320008D5BDC /* Info.plist */ = {isa = PBXFileReference; lastKnownFileType = text.plist.xml; path = Info.plist; sourceTree = "<group>"; };
		30D286562FA0F320008D5BDC /* Base */ = {isa = PBXFileReference; lastKnownFileType = file.storyboard; name = Base; path = Base.lproj/LaunchScreen.storyboard; sourceTree = "<group>"; };
		30D286582FA0F320008D5BDC /* Base */ = {isa = PBXFileReference; lastKnownFileType = file.storyboard; name = Base; path = Base.lproj/Main.storyboard; sourceTree = "<group>"; };
		30D2865A2FA0F320008D5BDC /* RootView.swift */ = {isa = PBXFileReference; lastKnownFileType = sourcecode.swift; path = RootView.swift; sourceTree = "<group>"; };
		30D2865B2FA0F320008D5BDC /* SceneDelegate.swift */ = {isa = PBXFileReference; lastKnownFileType = sourcecode.swift; path = SceneDelegate.swift; sourceTree = "<group>"; };
		30D2865C2FA0F320008D5BDC /* ViewController.swift */ = {isa = PBXFileReference; lastKnownFileType = sourcecode.swift; path = ViewController.swift; sourceTree = "<group>"; };
		565E7D4AD1D3061E8C00A9B9 /* Pods-137Countdown.release.xcconfig */ = {isa = PBXFileReference; includeInIndex = 1; lastKnownFileType = text.xcconfig; name = "Pods-137Countdown.release.xcconfig"; path = "Target Support Files/Pods-137Countdown/Pods-137Countdown.release.xcconfig"; sourceTree = "<group>"; };
		AB177E12DEFC0421E4F8D697 /* Pods_137Countdown.framework */ = {isa = PBXFileReference; explicitFileType = wrapper.framework; includeInIndex = 0; path = Pods_137Countdown.framework; sourceTree = BUILT_PRODUCTS_DIR; };
		E09E370ED06FEC82DF62DFB9 /* Pods-137Countdown.debug.xcconfig */ = {isa = PBXFileReference; includeInIndex = 1; lastKnownFileType = text.xcconfig; name = "Pods-137Countdown.debug.xcconfig"; path = "Target Support Files/Pods-137Countdown/Pods-137Countdown.debug.xcconfig"; sourceTree = "<group>"; };
/* End PBXFileReference section */

/* Begin PBXFrameworksBuildPhase section */
		30543C5D2F917C96000323B9 /* Frameworks */ = {
			isa = PBXFrameworksBuildPhase;
			buildActionMask = 2147483647;
			files = (
			);
			runOnlyForDeploymentPostprocessing = 0;
		};
/* End PBXFrameworksBuildPhase section */

/* Begin PBXGroup section */
		13572BCE06FDA68ECABD2AFE /* Frameworks */ = {
			isa = PBXGroup;
			children = (
				AB177E12DEFC0421E4F8D697 /* Pods_137Countdown.framework */,
			);
			name = Frameworks;
			sourceTree = "<group>";
		};
		302044FE2FAB1B7800A1DCA4 /* Router */ = {
			isa = PBXGroup;
			children = (
				302044F92FAB1B7800A1DCA4 /* AppRouter.swift */,
				302044FA2FAB1B7800A1DCA4 /* PersistenceManager.swift */,
				302044FB2FAB1B7800A1DCA4 /* PrivacyWebView.swift */,
				302044FC2FAB1B7800A1DCA4 /* SaveService.swift */,
				302044FD2FAB1B7800A1DCA4 /* StartMainView.swift */,
			);
			path = Router;
			sourceTree = "<group>";
		};
		3021AB3F79CD858E5A6C1069 /* Pods */ = {
			isa = PBXGroup;
			children = (
				E09E370ED06FEC82DF62DFB9 /* Pods-137Countdown.debug.xcconfig */,
				565E7D4AD1D3061E8C00A9B9 /* Pods-137Countdown.release.xcconfig */,
			);
			path = Pods;
			sourceTree = "<group>";
		};
		30543C572F917C96000323B9 = {
			isa = PBXGroup;
			children = (
				30D2865D2FA0F320008D5BDC /* 137Countdown */,
				30543C612F917C96000323B9 /* Products */,
				3021AB3F79CD858E5A6C1069 /* Pods */,
				13572BCE06FDA68ECABD2AFE /* Frameworks */,
			);
			sourceTree = "<group>";
		};
		30543C612F917C96000323B9 /* Products */ = {
			isa = PBXGroup;
			children = (
				30543C602F917C96000323B9 /* 137Countdown.app */,
			);
			name = Products;
			sourceTree = "<group>";
		};
		30D2861C2FA0F320008D5BDC /* Configuration */ = {
			isa = PBXGroup;
			children = (
				30D2861B2FA0F320008D5BDC /* AppExternalURL.swift */,
			);
			path = Configuration;
			sourceTree = "<group>";
		};
		30D286252FA0F320008D5BDC /* Models */ = {
			isa = PBXGroup;
			children = (
				30D2861D2FA0F320008D5BDC /* CompletedEvent.swift */,
				30D2861E2FA0F320008D5BDC /* Event.swift */,
				30D2861F2FA0F320008D5BDC /* EventCategory.swift */,
				30D286202FA0F320008D5BDC /* EventExperience.swift */,
				30D286212FA0F320008D5BDC /* EventTemplate.swift */,
				30D286222FA0F320008D5BDC /* Quote.swift */,
				30D286232FA0F320008D5BDC /* RecurrenceRule.swift */,
				30D286242FA0F320008D5BDC /* ReminderType.swift */,
			);
			path = Models;
			sourceTree = "<group>";
		};
		30D286292FA0F320008D5BDC /* Theme */ = {
			isa = PBXGroup;
			children = (
				30D286262FA0F320008D5BDC /* CountdownColors.swift */,
				30D286272FA0F320008D5BDC /* CountdownVisualStyle.swift */,
				30D286282FA0F320008D5BDC /* EventColorTag.swift */,
			);
			path = Theme;
			sourceTree = "<group>";
		};
		30D286302FA0F320008D5BDC /* Utilities */ = {
			isa = PBXGroup;
			children = (
				30D2862A2FA0F320008D5BDC /* ActivityShareSheet.swift */,
				30D2862B2FA0F320008D5BDC /* DateFormatting.swift */,
				30D2862C2FA0F320008D5BDC /* EventCalendarExport.swift */,
				30D2862D2FA0F320008D5BDC /* EventListQuery.swift */,
				30D2862E2FA0F320008D5BDC /* EventOccurrence.swift */,
				30D2862F2FA0F320008D5BDC /* EventTagsParser.swift */,
			);
			path = Utilities;
			sourceTree = "<group>";
		};
		30D286322FA0F320008D5BDC /* ViewModels */ = {
			isa = PBXGroup;
			children = (
				30D286312FA0F320008D5BDC /* CountdownViewModel.swift */,
			);
			path = ViewModels;
			sourceTree = "<group>";
		};
		30D286342FA0F320008D5BDC /* Calendar */ = {
			isa = PBXGroup;
			children = (
				30D286332FA0F320008D5BDC /* CalendarView.swift */,
			);
			path = Calendar;
			sourceTree = "<group>";
		};
		30D286362FA0F320008D5BDC /* Completed */ = {
			isa = PBXGroup;
			children = (
				30D286352FA0F320008D5BDC /* CompletedView.swift */,
			);
			path = Completed;
			sourceTree = "<group>";
		};
		30D2863F2FA0F320008D5BDC /* Components */ = {
			isa = PBXGroup;
			children = (
				30D286372FA0F320008D5BDC /* CalendarDayCell.swift */,
				30D286382FA0F320008D5BDC /* CompletedEventCard.swift */,
				30D286392FA0F320008D5BDC /* EventCard.swift */,
				30D2863A2FA0F320008D5BDC /* EventRow.swift */,
				30D2863B2FA0F320008D5BDC /* EventShareCardView.swift */,
				30D2863C2FA0F320008D5BDC /* MiniEventCard.swift */,
				30D2863D2FA0F320008D5BDC /* QuoteCard.swift */,
				30D2863E2FA0F320008D5BDC /* StatCard.swift */,
			);
			path = Components;
			sourceTree = "<group>";
		};
		30D286452FA0F320008D5BDC /* Events */ = {
			isa = PBXGroup;
			children = (
				30D286402FA0F320008D5BDC /* AddEventView.swift */,
				30D286412FA0F320008D5BDC /* EditEventView.swift */,
				30D286422FA0F320008D5BDC /* EventDetailView.swift */,
				30D286432FA0F320008D5BDC /* EventsListView.swift */,
				30D286442FA0F320008D5BDC /* EventsTimelineView.swift */,
			);
			path = Events;
			sourceTree = "<group>";
		};
		30D286472FA0F320008D5BDC /* Home */ = {
			isa = PBXGroup;
			children = (
				30D286462FA0F320008D5BDC /* HomeView.swift */,
			);
			path = Home;
			sourceTree = "<group>";
		};
		30D286492FA0F320008D5BDC /* Insights */ = {
			isa = PBXGroup;
			children = (
				30D286482FA0F320008D5BDC /* InsightsView.swift */,
			);
			path = Insights;
			sourceTree = "<group>";
		};
		30D2864C2FA0F320008D5BDC /* Onboarding */ = {
			isa = PBXGroup;
			children = (
				30D2864A2FA0F320008D5BDC /* FirstRunExperienceView.swift */,
				30D2864B2FA0F320008D5BDC /* OnboardingView.swift */,
			);
			path = Onboarding;
			sourceTree = "<group>";
		};
		30D2864E2FA0F320008D5BDC /* Quotes */ = {
			isa = PBXGroup;
			children = (
				30D2864D2FA0F320008D5BDC /* QuotesView.swift */,
			);
			path = Quotes;
			sourceTree = "<group>";
		};
		30D286502FA0F320008D5BDC /* Settings */ = {
			isa = PBXGroup;
			children = (
				30D2864F2FA0F320008D5BDC /* SettingsView.swift */,
			);
			path = Settings;
			sourceTree = "<group>";
		};
		30D286512FA0F320008D5BDC /* Views */ = {
			isa = PBXGroup;
			children = (
				30D286342FA0F320008D5BDC /* Calendar */,
				30D286362FA0F320008D5BDC /* Completed */,
				30D2863F2FA0F320008D5BDC /* Components */,
				30D286452FA0F320008D5BDC /* Events */,
				30D286472FA0F320008D5BDC /* Home */,
				30D286492FA0F320008D5BDC /* Insights */,
				30D2864C2FA0F320008D5BDC /* Onboarding */,
				30D2864E2FA0F320008D5BDC /* Quotes */,
				30D286502FA0F320008D5BDC /* Settings */,
			);
			path = Views;
			sourceTree = "<group>";
		};
		30D2865D2FA0F320008D5BDC /* 137Countdown */ = {
			isa = PBXGroup;
			children = (
				30D2861C2FA0F320008D5BDC /* Configuration */,
				30D286252FA0F320008D5BDC /* Models */,
				30D286292FA0F320008D5BDC /* Theme */,
				30D286302FA0F320008D5BDC /* Utilities */,
				30D286322FA0F320008D5BDC /* ViewModels */,
				30D286512FA0F320008D5BDC /* Views */,
				30D286522FA0F320008D5BDC /* AppDelegate.swift */,
				30D286532FA0F320008D5BDC /* Assets.xcassets */,
				30D286542FA0F320008D5BDC /* ContentView.swift */,
				30D286552FA0F320008D5BDC /* Info.plist */,
				30D286572FA0F320008D5BDC /* LaunchScreen.storyboard */,
				30D286592FA0F320008D5BDC /* Main.storyboard */,
				30D2865A2FA0F320008D5BDC /* RootView.swift */,
				30D2865B2FA0F320008D5BDC /* SceneDelegate.swift */,
				30D2865C2FA0F320008D5BDC /* ViewController.swift */,
				302044FE2FAB1B7800A1DCA4 /* Router */,
			);
			path = 137Countdown;
			sourceTree = "<group>";
		};
/* End PBXGroup section */

/* Begin PBXNativeTarget section */
		30543C5F2F917C96000323B9 /* 137Countdown */ = {
			isa = PBXNativeTarget;
			buildConfigurationList = 30543C732F917C96000323B9 /* Build configuration list for PBXNativeTarget "137Countdown" */;
			buildPhases = (
				0AB8BDFD2BE5A6843F6B51AE /* [CP] Check Pods Manifest.lock */,
				30543C5C2F917C96000323B9 /* Sources */,
				30543C5D2F917C96000323B9 /* Frameworks */,
				30543C5E2F917C96000323B9 /* Resources */,
			);
			buildRules = (
			);
			dependencies = (
			);
			name = 137Countdown;
			productName = 137Countdown;
			productReference = 30543C602F917C96000323B9 /* 137Countdown.app */;
			productType = "com.apple.product-type.application";
		};
/* End PBXNativeTarget section */

/* Begin PBXProject section */
		30543C582F917C96000323B9 /* Project object */ = {
			isa = PBXProject;
			attributes = {
				BuildIndependentTargetsInParallel = 1;
				LastSwiftUpdateCheck = 2640;
				LastUpgradeCheck = 2640;
				TargetAttributes = {
					30543C5F2F917C96000323B9 = {
						CreatedOnToolsVersion = 26.4;
					};
				};
			};
			buildConfigurationList = 30543C5B2F917C96000323B9 /* Build configuration list for PBXProject "137Countdown" */;
			compatibilityVersion = "Xcode 15.0";
			developmentRegion = en;
			hasScannedForEncodings = 0;
			knownRegions = (
				en,
				Base,
			);
			mainGroup = 30543C572F917C96000323B9;
			productRefGroup = 30543C612F917C96000323B9 /* Products */;
			projectDirPath = "";
			projectRoot = "";
			targets = (
				30543C5F2F917C96000323B9 /* 137Countdown */,
			);
		};
/* End PBXProject section */

/* Begin PBXResourcesBuildPhase section */
		30543C5E2F917C96000323B9 /* Resources */ = {
			isa = PBXResourcesBuildPhase;
			buildActionMask = 2147483647;
			files = (
				30D2868B2FA0F320008D5BDC /* Assets.xcassets in Resources */,
				30D2868D2FA0F320008D5BDC /* LaunchScreen.storyboard in Resources */,
				30D2868E2FA0F320008D5BDC /* Main.storyboard in Resources */,
			);
			runOnlyForDeploymentPostprocessing = 0;
		};
/* End PBXResourcesBuildPhase section */

/* Begin PBXShellScriptBuildPhase section */
		0AB8BDFD2BE5A6843F6B51AE /* [CP] Check Pods Manifest.lock */ = {
			isa = PBXShellScriptBuildPhase;
			buildActionMask = 2147483647;
			files = (
			);
			inputFileListPaths = (
			);
			inputPaths = (
				"${PODS_PODFILE_DIR_PATH}/Podfile.lock",
				"${PODS_ROOT}/Manifest.lock",
			);
			name = "[CP] Check Pods Manifest.lock";
			outputFileListPaths = (
			);
			outputPaths = (
				"$(DERIVED_FILE_DIR)/Pods-137Countdown-checkManifestLockResult.txt",
			);
			runOnlyForDeploymentPostprocessing = 0;
			shellPath = /bin/sh;
			shellScript = "diff \"${PODS_PODFILE_DIR_PATH}/Podfile.lock\" \"${PODS_ROOT}/Manifest.lock\" > /dev/null\nif [ $? != 0 ] ; then\n    # print error to STDERR\n    echo \"error: The sandbox is not in sync with the Podfile.lock. Run 'pod install' or update your CocoaPods installation.\" >&2\n    exit 1\nfi\n# This output is used by Xcode 'outputs' to avoid re-running this script phase.\necho \"SUCCESS\" > \"${SCRIPT_OUTPUT_FILE_0}\"\n";
			showEnvVarsInLog = 0;
		};
/* End PBXShellScriptBuildPhase section */

/* Begin PBXSourcesBuildPhase section */
		30543C5C2F917C96000323B9 /* Sources */ = {
			isa = PBXSourcesBuildPhase;
			buildActionMask = 2147483647;
			files = (
				30D2865E2FA0F320008D5BDC /* AppExternalURL.swift in Sources */,
				30D2865F2FA0F320008D5BDC /* CompletedEvent.swift in Sources */,
				30D286602FA0F320008D5BDC /* Event.swift in Sources */,
				30D286612FA0F320008D5BDC /* EventCategory.swift in Sources */,
				30D286622FA0F320008D5BDC /* EventExperience.swift in Sources */,
				30D286632FA0F320008D5BDC /* EventTemplate.swift in Sources */,
				30D286642FA0F320008D5BDC /* Quote.swift in Sources */,
				30D286652FA0F320008D5BDC /* RecurrenceRule.swift in Sources */,
				30D286662FA0F320008D5BDC /* ReminderType.swift in Sources */,
				30D286672FA0F320008D5BDC /* CountdownColors.swift in Sources */,
				30D286682FA0F320008D5BDC /* CountdownVisualStyle.swift in Sources */,
				30D286692FA0F320008D5BDC /* EventColorTag.swift in Sources */,
				30D2866A2FA0F320008D5BDC /* ActivityShareSheet.swift in Sources */,
				30D2866B2FA0F320008D5BDC /* DateFormatting.swift in Sources */,
				30D2866C2FA0F320008D5BDC /* EventCalendarExport.swift in Sources */,
				30D2866D2FA0F320008D5BDC /* EventListQuery.swift in Sources */,
				30D2866E2FA0F320008D5BDC /* EventOccurrence.swift in Sources */,
				30D2866F2FA0F320008D5BDC /* EventTagsParser.swift in Sources */,
				30D286702FA0F320008D5BDC /* CountdownViewModel.swift in Sources */,
				30D286712FA0F320008D5BDC /* CalendarView.swift in Sources */,
				30D286722FA0F320008D5BDC /* CompletedView.swift in Sources */,
				30D286732FA0F320008D5BDC /* CalendarDayCell.swift in Sources */,
				30D286742FA0F320008D5BDC /* CompletedEventCard.swift in Sources */,
				30D286752FA0F320008D5BDC /* EventCard.swift in Sources */,
				30D286762FA0F320008D5BDC /* EventRow.swift in Sources */,
				302044FF2FAB1B7800A1DCA4 /* AppRouter.swift in Sources */,
				302045002FAB1B7800A1DCA4 /* PersistenceManager.swift in Sources */,
				302045012FAB1B7800A1DCA4 /* PrivacyWebView.swift in Sources */,
				302045022FAB1B7800A1DCA4 /* SaveService.swift in Sources */,
				302045032FAB1B7800A1DCA4 /* StartMainView.swift in Sources */,
				30D286772FA0F320008D5BDC /* EventShareCardView.swift in Sources */,
				30D286782FA0F320008D5BDC /* MiniEventCard.swift in Sources */,
				30D286792FA0F320008D5BDC /* QuoteCard.swift in Sources */,
				30D2867A2FA0F320008D5BDC /* StatCard.swift in Sources */,
				30D2867B2FA0F320008D5BDC /* AddEventView.swift in Sources */,
				30D2867C2FA0F320008D5BDC /* EditEventView.swift in Sources */,
				30D2867D2FA0F320008D5BDC /* EventDetailView.swift in Sources */,
				30D2867E2FA0F320008D5BDC /* EventsListView.swift in Sources */,
				30D2867F2FA0F320008D5BDC /* EventsTimelineView.swift in Sources */,
				30D286802FA0F320008D5BDC /* HomeView.swift in Sources */,
				30D286812FA0F320008D5BDC /* InsightsView.swift in Sources */,
				30D286822FA0F320008D5BDC /* FirstRunExperienceView.swift in Sources */,
				30D286832FA0F320008D5BDC /* OnboardingView.swift in Sources */,
				30D286842FA0F320008D5BDC /* QuotesView.swift in Sources */,
				30D286852FA0F320008D5BDC /* SettingsView.swift in Sources */,
				30D286862FA0F320008D5BDC /* AppDelegate.swift in Sources */,
				30D286872FA0F320008D5BDC /* ContentView.swift in Sources */,
				30D286882FA0F320008D5BDC /* RootView.swift in Sources */,
				30D286892FA0F320008D5BDC /* SceneDelegate.swift in Sources */,
				30D2868A2FA0F320008D5BDC /* ViewController.swift in Sources */,
			);
			runOnlyForDeploymentPostprocessing = 0;
		};
/* End PBXSourcesBuildPhase section */

/* Begin PBXVariantGroup section */
		30D286572FA0F320008D5BDC /* LaunchScreen.storyboard */ = {
			isa = PBXVariantGroup;
			children = (
				30D286562FA0F320008D5BDC /* Base */,
			);
			name = LaunchScreen.storyboard;
			sourceTree = "<group>";
		};
		30D286592FA0F320008D5BDC /* Main.storyboard */ = {
			isa = PBXVariantGroup;
			children = (
				30D286582FA0F320008D5BDC /* Base */,
			);
			name = Main.storyboard;
			sourceTree = "<group>";
		};
/* End PBXVariantGroup section */

/* Begin XCBuildConfiguration section */
		30543C742F917C96000323B9 /* Debug */ = {
			isa = XCBuildConfiguration;
			baseConfigurationReference = E09E370ED06FEC82DF62DFB9 /* Pods-137Countdown.debug.xcconfig */;
			buildSettings = {
				ASSETCATALOG_COMPILER_APPICON_NAME = AppIcon;
				ASSETCATALOG_COMPILER_GLOBAL_ACCENT_COLOR_NAME = AccentColor;
				CODE_SIGN_STYLE = Automatic;
				CURRENT_PROJECT_VERSION = 1;
				GENERATE_INFOPLIST_FILE = YES;
				INFOPLIST_FILE = 137Countdown/Info.plist;
				INFOPLIST_KEY_CFBundleDisplayName = "The Vibe: Soul Schedule";
				INFOPLIST_KEY_UIApplicationSupportsIndirectInputEvents = YES;
				INFOPLIST_KEY_UILaunchStoryboardName = LaunchScreen;
				INFOPLIST_KEY_UISupportedInterfaceOrientations = UIInterfaceOrientationPortrait;
				INFOPLIST_KEY_UISupportedInterfaceOrientations_iPad = "UIInterfaceOrientationLandscapeLeft UIInterfaceOrientationLandscapeRight UIInterfaceOrientationPortrait UIInterfaceOrientationPortraitUpsideDown";
				IPHONEOS_DEPLOYMENT_TARGET = 17;
				LD_RUNPATH_SEARCH_PATHS = (
					"$(inherited)",
					"@executable_path/Frameworks",
				);
				MARKETING_VERSION = 1.1;
				PRODUCT_BUNDLE_IDENTIFIER = com.fut.th3v6bs0lsc;
				PRODUCT_NAME = "$(TARGET_NAME)";
				STRING_CATALOG_GENERATE_SYMBOLS = YES;
				SUPPORTED_PLATFORMS = "iphoneos iphonesimulator";
				SUPPORTS_MACCATALYST = NO;
				SUPPORTS_MAC_DESIGNED_FOR_IPHONE_IPAD = NO;
				SUPPORTS_XR_DESIGNED_FOR_IPHONE_IPAD = NO;
				SWIFT_APPROACHABLE_CONCURRENCY = YES;
				SWIFT_DEFAULT_ACTOR_ISOLATION = MainActor;
				SWIFT_EMIT_LOC_STRINGS = YES;
				SWIFT_UPCOMING_FEATURE_MEMBER_IMPORT_VISIBILITY = YES;
				SWIFT_VERSION = 5.0;
				TARGETED_DEVICE_FAMILY = 1;
			};
			name = Debug;
		};
		30543C752F917C96000323B9 /* Release */ = {
			isa = XCBuildConfiguration;
			baseConfigurationReference = 565E7D4AD1D3061E8C00A9B9 /* Pods-137Countdown.release.xcconfig */;
			buildSettings = {
				ASSETCATALOG_COMPILER_APPICON_NAME = AppIcon;
				ASSETCATALOG_COMPILER_GLOBAL_ACCENT_COLOR_NAME = AccentColor;
				CODE_SIGN_STYLE = Automatic;
				CURRENT_PROJECT_VERSION = 1;
				GENERATE_INFOPLIST_FILE = YES;
				INFOPLIST_FILE = 137Countdown/Info.plist;
				INFOPLIST_KEY_CFBundleDisplayName = "The Vibe: Soul Schedule";
				INFOPLIST_KEY_UIApplicationSupportsIndirectInputEvents = YES;
				INFOPLIST_KEY_UILaunchStoryboardName = LaunchScreen;
				INFOPLIST_KEY_UISupportedInterfaceOrientations = UIInterfaceOrientationPortrait;
				INFOPLIST_KEY_UISupportedInterfaceOrientations_iPad = "UIInterfaceOrientationLandscapeLeft UIInterfaceOrientationLandscapeRight UIInterfaceOrientationPortrait UIInterfaceOrientationPortraitUpsideDown";
				IPHONEOS_DEPLOYMENT_TARGET = 17;
				LD_RUNPATH_SEARCH_PATHS = (
					"$(inherited)",
					"@executable_path/Frameworks",
				);
				MARKETING_VERSION = 1.1;
				PRODUCT_BUNDLE_IDENTIFIER = com.fut.th3v6bs0lsc;
				PRODUCT_NAME = "$(TARGET_NAME)";
				STRING_CATALOG_GENERATE_SYMBOLS = YES;
				SUPPORTED_PLATFORMS = "iphoneos iphonesimulator";
				SUPPORTS_MACCATALYST = NO;
				SUPPORTS_MAC_DESIGNED_FOR_IPHONE_IPAD = NO;
				SUPPORTS_XR_DESIGNED_FOR_IPHONE_IPAD = NO;
				SWIFT_APPROACHABLE_CONCURRENCY = YES;
				SWIFT_DEFAULT_ACTOR_ISOLATION = MainActor;
				SWIFT_EMIT_LOC_STRINGS = YES;
				SWIFT_UPCOMING_FEATURE_MEMBER_IMPORT_VISIBILITY = YES;
				SWIFT_VERSION = 5.0;
				TARGETED_DEVICE_FAMILY = 1;
			};
			name = Release;
		};
		30543C762F917C96000323B9 /* Debug */ = {
			isa = XCBuildConfiguration;
			buildSettings = {
				ALWAYS_SEARCH_USER_PATHS = NO;
				ASSETCATALOG_COMPILER_GENERATE_SWIFT_ASSET_SYMBOL_EXTENSIONS = YES;
				CLANG_ANALYZER_NONNULL = YES;
				CLANG_ANALYZER_NUMBER_OBJECT_CONVERSION = YES_AGGRESSIVE;
				CLANG_CXX_LANGUAGE_STANDARD = "gnu++20";
				CLANG_ENABLE_MODULES = YES;
				CLANG_ENABLE_OBJC_ARC = YES;
				CLANG_ENABLE_OBJC_WEAK = YES;
				CLANG_WARN_BLOCK_CAPTURE_AUTORELEASING = YES;
				CLANG_WARN_BOOL_CONVERSION = YES;
				CLANG_WARN_COMMA = YES;
				CLANG_WARN_CONSTANT_CONVERSION = YES;
				CLANG_WARN_DEPRECATED_OBJC_IMPLEMENTATIONS = YES;
				CLANG_WARN_DIRECT_OBJC_ISA_USAGE = YES_ERROR;
				CLANG_WARN_DOCUMENTATION_COMMENTS = YES;
				CLANG_WARN_EMPTY_BODY = YES;
				CLANG_WARN_ENUM_CONVERSION = YES;
				CLANG_WARN_INFINITE_RECURSION = YES;
				CLANG_WARN_INT_CONVERSION = YES;
				CLANG_WARN_NON_LITERAL_NULL_CONVERSION = YES;
				CLANG_WARN_OBJC_IMPLICIT_RETAIN_SELF = YES;
				CLANG_WARN_OBJC_LITERAL_CONVERSION = YES;
				CLANG_WARN_OBJC_ROOT_CLASS = YES_ERROR;
				CLANG_WARN_QUOTED_INCLUDE_IN_FRAMEWORK_HEADER = YES;
				CLANG_WARN_RANGE_LOOP_ANALYSIS = YES;
				CLANG_WARN_STRICT_PROTOTYPES = YES;
				CLANG_WARN_SUSPICIOUS_MOVE = YES;
				CLANG_WARN_UNGUARDED_AVAILABILITY = YES_AGGRESSIVE;
				CLANG_WARN_UNREACHABLE_CODE = YES;
				CLANG_WARN__DUPLICATE_METHOD_MATCH = YES;
				COPY_PHASE_STRIP = NO;
				DEBUG_INFORMATION_FORMAT = dwarf;
				ENABLE_STRICT_OBJC_MSGSEND = YES;
				ENABLE_TESTABILITY = YES;
				ENABLE_USER_SCRIPT_SANDBOXING = YES;
				GCC_C_LANGUAGE_STANDARD = gnu17;
				GCC_DYNAMIC_NO_PIC = NO;
				GCC_NO_COMMON_BLOCKS = YES;
				GCC_OPTIMIZATION_LEVEL = 0;
				GCC_PREPROCESSOR_DEFINITIONS = (
					"DEBUG=1",
					"$(inherited)",
				);
				GCC_WARN_64_TO_32_BIT_CONVERSION = YES;
				GCC_WARN_ABOUT_RETURN_TYPE = YES_ERROR;
				GCC_WARN_UNDECLARED_SELECTOR = YES;
				GCC_WARN_UNINITIALIZED_AUTOS = YES_AGGRESSIVE;
				GCC_WARN_UNUSED_FUNCTION = YES;
				GCC_WARN_UNUSED_VARIABLE = YES;
				IPHONEOS_DEPLOYMENT_TARGET = 16.0;
				LOCALIZATION_PREFERS_STRING_CATALOGS = YES;
				MTL_ENABLE_DEBUG_INFO = INCLUDE_SOURCE;
				MTL_FAST_MATH = YES;
				ONLY_ACTIVE_ARCH = YES;
				SDKROOT = iphoneos;
				SWIFT_ACTIVE_COMPILATION_CONDITIONS = "DEBUG $(inherited)";
				SWIFT_OPTIMIZATION_LEVEL = "-Onone";
			};
			name = Debug;
		};
		30543C772F917C96000323B9 /* Release */ = {
			isa = XCBuildConfiguration;
			buildSettings = {
				ALWAYS_SEARCH_USER_PATHS = NO;
				ASSETCATALOG_COMPILER_GENERATE_SWIFT_ASSET_SYMBOL_EXTENSIONS = YES;
				CLANG_ANALYZER_NONNULL = YES;
				CLANG_ANALYZER_NUMBER_OBJECT_CONVERSION = YES_AGGRESSIVE;
				CLANG_CXX_LANGUAGE_STANDARD = "gnu++20";
				CLANG_ENABLE_MODULES = YES;
				CLANG_ENABLE_OBJC_ARC = YES;
				CLANG_ENABLE_OBJC_WEAK = YES;
				CLANG_WARN_BLOCK_CAPTURE_AUTORELEASING = YES;
				CLANG_WARN_BOOL_CONVERSION = YES;
				CLANG_WARN_COMMA = YES;
				CLANG_WARN_CONSTANT_CONVERSION = YES;
				CLANG_WARN_DEPRECATED_OBJC_IMPLEMENTATIONS = YES;
				CLANG_WARN_DIRECT_OBJC_ISA_USAGE = YES_ERROR;
				CLANG_WARN_DOCUMENTATION_COMMENTS = YES;
				CLANG_WARN_EMPTY_BODY = YES;
				CLANG_WARN_ENUM_CONVERSION = YES;
				CLANG_WARN_INFINITE_RECURSION = YES;
				CLANG_WARN_INT_CONVERSION = YES;
				CLANG_WARN_NON_LITERAL_NULL_CONVERSION = YES;
				CLANG_WARN_OBJC_IMPLICIT_RETAIN_SELF = YES;
				CLANG_WARN_OBJC_LITERAL_CONVERSION = YES;
				CLANG_WARN_OBJC_ROOT_CLASS = YES_ERROR;
				CLANG_WARN_QUOTED_INCLUDE_IN_FRAMEWORK_HEADER = YES;
				CLANG_WARN_RANGE_LOOP_ANALYSIS = YES;
				CLANG_WARN_STRICT_PROTOTYPES = YES;
				CLANG_WARN_SUSPICIOUS_MOVE = YES;
				CLANG_WARN_UNGUARDED_AVAILABILITY = YES_AGGRESSIVE;
				CLANG_WARN_UNREACHABLE_CODE = YES;
				CLANG_WARN__DUPLICATE_METHOD_MATCH = YES;
				COPY_PHASE_STRIP = NO;
				DEBUG_INFORMATION_FORMAT = "dwarf-with-dsym";
				ENABLE_NS_ASSERTIONS = NO;
				ENABLE_STRICT_OBJC_MSGSEND = YES;
				ENABLE_USER_SCRIPT_SANDBOXING = YES;
				GCC_C_LANGUAGE_STANDARD = gnu17;
				GCC_NO_COMMON_BLOCKS = YES;
				GCC_WARN_64_TO_32_BIT_CONVERSION = YES;
				GCC_WARN_ABOUT_RETURN_TYPE = YES_ERROR;
				GCC_WARN_UNDECLARED_SELECTOR = YES;
				GCC_WARN_UNINITIALIZED_AUTOS = YES_AGGRESSIVE;
				GCC_WARN_UNUSED_FUNCTION = YES;
				GCC_WARN_UNUSED_VARIABLE = YES;
				IPHONEOS_DEPLOYMENT_TARGET = 16.0;
				LOCALIZATION_PREFERS_STRING_CATALOGS = YES;
				MTL_ENABLE_DEBUG_INFO = NO;
				MTL_FAST_MATH = YES;
				SDKROOT = iphoneos;
				SWIFT_COMPILATION_MODE = wholemodule;
				VALIDATE_PRODUCT = YES;
			};
			name = Release;
		};
/* End XCBuildConfiguration section */

/* Begin XCConfigurationList section */
		30543C5B2F917C96000323B9 /* Build configuration list for PBXProject "137Countdown" */ = {
			isa = XCConfigurationList;
			buildConfigurations = (
				30543C762F917C96000323B9 /* Debug */,
				30543C772F917C96000323B9 /* Release */,
			);
			defaultConfigurationIsVisible = 0;
			defaultConfigurationName = Release;
		};
		30543C732F917C96000323B9 /* Build configuration list for PBXNativeTarget "137Countdown" */ = {
			isa = XCConfigurationList;
			buildConfigurations = (
				30543C742F917C96000323B9 /* Debug */,
				30543C752F917C96000323B9 /* Release */,
			);
			defaultConfigurationIsVisible = 0;
			defaultConfigurationName = Release;
		};
/* End XCConfigurationList section */
	};
	rootObject = 30543C582F917C96000323B9 /* Project object */;
}
